
Microsoft Visual Studio Solution File, Format Version 12.00
# Visual Studio Version 17
VisualStudioVersion = 17.1.32407.343
MinimumVisualStudioVersion = 10.0.40219.1
Project("{9A19103F-16F7-4668-BE54-9A1E7A4F7556}") = "Catchup", "Catchup\Catchup.csproj", "{435DAFB0-D22A-446F-913A-3B7AFA906A93}"
EndProject
Project("{FAE04EC0-301F-11D3-BF4B-00C04F79EFBC}") = "Execute", "Execute\Execute.csproj", "{9B323C67-CF3A-4EFD-BDF5-E2B1E58FB63D}"
EndProject
Global
	GlobalSection(SolutionConfigurationPlatforms) = preSolution
		Debug|Any CPU = Debug|Any CPU
		Release|Any CPU = Release|Any CPU
	EndGlobalSection
	GlobalSection(ProjectConfigurationPlatforms) = postSolution
		{435DAFB0-D22A-446F-913A-3B7AFA906A93}.Debug|Any CPU.ActiveCfg = Debug|Any CPU
		{435DAFB0-D22A-446F-913A-3B7AFA906A93}.Debug|Any CPU.Build.0 = Debug|Any CPU
		{435DAFB0-D22A-446F-913A-3B7AFA906A93}.Release|Any CPU.ActiveCfg = Release|Any CPU
		{435DAFB0-D22A-446F-913A-3B7AFA906A93}.Release|Any CPU.Build.0 = Release|Any CPU
		{9B323C67-CF3A-4EFD-BDF5-E2B1E58FB63D}.Debug|Any CPU.ActiveCfg = Debug|Any CPU
		{9B323C67-CF3A-4EFD-BDF5-E2B1E58FB63D}.Debug|Any CPU.Build.0 = Debug|Any CPU
		{9B323C67-CF3A-4EFD-BDF5-E2B1E58FB63D}.Release|Any CPU.ActiveCfg = Release|Any CPU
		{9B323C67-CF3A-4EFD-BDF5-E2B1E58FB63D}.Release|Any CPU.Build.0 = Release|Any CPU
	EndGlobalSection
	GlobalSection(SolutionProperties) = preSolution
		HideSolutionNode = FALSE
	EndGlobalSection
	GlobalSection(ExtensibilityGlobals) = postSolution
		SolutionGuid = {F1D77067-E36F-4E8E-92DB-A3C5058D4CD3}
	EndGlobalSection
EndGlobal
